
Microsoft Visual Studio Solution File, Format Version 12.00
Project("{FAE04EC0-301F-11D3-BF4B-00C04F79EFBC}") = "Blitz.Files", "src\Blitz.Files\Blitz.Files.csproj", "{4152DC07-E10C-4D3B-924B-92E69D1E69B3}"
EndProject
Project("{FAE04EC0-301F-11D3-BF4B-00C04F79EFBC}") = "Blitz.Files.Tests", "src\Blitz.Files.Tests\Blitz.Files.Tests.csproj", "{1EF0C469-0B7A-4A2E-AAA3-D90D65EAA9A2}"
EndProject
Project("{FAE04EC0-301F-11D3-BF4B-00C04F79EFBC}") = "BlitzFilesConsoleDemo", "BlitzFilesConsoleDemo\BlitzFilesConsoleDemo.csproj", "{D1568CBB-C353-4A01-A549-508B5DE5ABB7}"
EndProject
Global
	GlobalSection(SolutionConfigurationPlatforms) = preSolution
		Debug|Any CPU = Debug|Any CPU
		Release|Any CPU = Release|Any CPU
	EndGlobalSection
	GlobalSection(ProjectConfigurationPlatforms) = postSolution
		{4152DC07-E10C-4D3B-924B-92E69D1E69B3}.Debug|Any CPU.ActiveCfg = Debug|Any CPU
		{4152DC07-E10C-4D3B-924B-92E69D1E69B3}.Debug|Any CPU.Build.0 = Debug|Any CPU
		{4152DC07-E10C-4D3B-924B-92E69D1E69B3}.Release|Any CPU.ActiveCfg = Release|Any CPU
		{4152DC07-E10C-4D3B-924B-92E69D1E69B3}.Release|Any CPU.Build.0 = Release|Any CPU
		{1EF0C469-0B7A-4A2E-AAA3-D90D65EAA9A2}.Debug|Any CPU.ActiveCfg = Debug|Any CPU
		{1EF0C469-0B7A-4A2E-AAA3-D90D65EAA9A2}.Debug|Any CPU.Build.0 = Debug|Any CPU
		{1EF0C469-0B7A-4A2E-AAA3-D90D65EAA9A2}.Release|Any CPU.ActiveCfg = Release|Any CPU
		{1EF0C469-0B7A-4A2E-AAA3-D90D65EAA9A2}.Release|Any CPU.Build.0 = Release|Any CPU
		{D1568CBB-C353-4A01-A549-508B5DE5ABB7}.Debug|Any CPU.ActiveCfg = Debug|Any CPU
		{D1568CBB-C353-4A01-A549-508B5DE5ABB7}.Debug|Any CPU.Build.0 = Debug|Any CPU
		{D1568CBB-C353-4A01-A549-508B5DE5ABB7}.Release|Any CPU.ActiveCfg = Release|Any CPU
		{D1568CBB-C353-4A01-A549-508B5DE5ABB7}.Release|Any CPU.Build.0 = Release|Any CPU
	EndGlobalSection
EndGlobal
